
Microsoft Visual Studio Solution File, Format Version 12.00
# Visual Studio Version 17
VisualStudioVersion = 17.9.34723.18
MinimumVisualStudioVersion = 10.0.40219.1
Project("{8BC9CEB8-8B4A-11D0-8D11-00A0C91BC942}") = "infix_to_postfix", "infix_to_postfix\infix_to_postfix.vcxproj", "{EABCBFBD-E810-40D8-B646-C08CA85666F9}"
EndProject
Global
	GlobalSection(SolutionConfigurationPlatforms) = preSolution
		Debug|x64 = Debug|x64
		Debug|x86 = Debug|x86
		Release|x64 = Release|x64
		Release|x86 = Release|x86
	EndGlobalSection
	GlobalSection(ProjectConfigurationPlatforms) = postSolution
		{EABCBFBD-E810-40D8-B646-C08CA85666F9}.Debug|x64.ActiveCfg = Debug|x64
		{EABCBFBD-E810-40D8-B646-C08CA85666F9}.Debug|x64.Build.0 = Debug|x64
		{EABCBFBD-E810-40D8-B646-C08CA85666F9}.Debug|x86.ActiveCfg = Debug|Win32
		{EABCBFBD-E810-40D8-B646-C08CA85666F9}.Debug|x86.Build.0 = Debug|Win32
		{EABCBFBD-E810-40D8-B646-C08CA85666F9}.Release|x64.ActiveCfg = Release|x64
		{EABCBFBD-E810-40D8-B646-C08CA85666F9}.Release|x64.Build.0 = Release|x64
		{EABCBFBD-E810-40D8-B646-C08CA85666F9}.Release|x86.ActiveCfg = Release|Win32
		{EABCBFBD-E810-40D8-B646-C08CA85666F9}.Release|x86.Build.0 = Release|Win32
	EndGlobalSection
	GlobalSection(SolutionProperties) = preSolution
		HideSolutionNode = FALSE
	EndGlobalSection
	GlobalSection(ExtensibilityGlobals) = postSolution
		SolutionGuid = {715E83DE-AB00-4D5E-9E1E-08E5F698D884}
	EndGlobalSection
EndGlobal
